
Microsoft Visual Studio Solution File, Format Version 12.00
# Visual Studio Version 16
VisualStudioVersion = 16.0.35325.158
MinimumVisualStudioVersion = 10.0.40219.1
Project("{FAE04EC0-301F-11D3-BF4B-00C04F79EFBC}") = "BritQAAPIAutomation", "BritQAAPIAutomation.csproj", "{C45B2CA6-E2F2-46C5-BCCF-FA0A41C66BAC}"
EndProject
Global
	GlobalSection(SolutionConfigurationPlatforms) = preSolution
		Debug|Any CPU = Debug|Any CPU
		Release|Any CPU = Release|Any CPU
	EndGlobalSection
	GlobalSection(ProjectConfigurationPlatforms) = postSolution
		{C45B2CA6-E2F2-46C5-BCCF-FA0A41C66BAC}.Debug|Any CPU.ActiveCfg = Debug|Any CPU
		{C45B2CA6-E2F2-46C5-BCCF-FA0A41C66BAC}.Debug|Any CPU.Build.0 = Debug|Any CPU
		{C45B2CA6-E2F2-46C5-BCCF-FA0A41C66BAC}.Release|Any CPU.ActiveCfg = Release|Any CPU
		{C45B2CA6-E2F2-46C5-BCCF-FA0A41C66BAC}.Release|Any CPU.Build.0 = Release|Any CPU
	EndGlobalSection
	GlobalSection(SolutionProperties) = preSolution
		HideSolutionNode = FALSE
	EndGlobalSection
	GlobalSection(ExtensibilityGlobals) = postSolution
		SolutionGuid = {CA406F9B-893F-49D4-87CC-BB1889A34676}
	EndGlobalSection
EndGlobal
